
Microsoft Visual Studio Solution File, Format Version 12.00
# Visual Studio 15
VisualStudioVersion = 15.0.28307.106
MinimumVisualStudioVersion = 10.0.40219.1
Project("{9092AA53-FB77-4645-B42D-1CCCA6BD08BD}") = "Rest-API-MySQL", "Rest-API-MySQL\Rest-API-MySQL.njsproj", "{4DEFD1CA-9328-4EA1-8EF4-CF23709F39B7}"
EndProject
Global
	GlobalSection(SolutionConfigurationPlatforms) = preSolution
		Debug|Any CPU = Debug|Any CPU
		Release|Any CPU = Release|Any CPU
	EndGlobalSection
	GlobalSection(ProjectConfigurationPlatforms) = postSolution
		{4DEFD1CA-9328-4EA1-8EF4-CF23709F39B7}.Debug|Any CPU.ActiveCfg = Debug|Any CPU
		{4DEFD1CA-9328-4EA1-8EF4-CF23709F39B7}.Debug|Any CPU.Build.0 = Debug|Any CPU
		{4DEFD1CA-9328-4EA1-8EF4-CF23709F39B7}.Release|Any CPU.ActiveCfg = Release|Any CPU
		{4DEFD1CA-9328-4EA1-8EF4-CF23709F39B7}.Release|Any CPU.Build.0 = Release|Any CPU
	EndGlobalSection
	GlobalSection(SolutionProperties) = preSolution
		HideSolutionNode = FALSE
	EndGlobalSection
	GlobalSection(ExtensibilityGlobals) = postSolution
		SolutionGuid = {F349E8F8-2AB5-4AAD-A491-756A785ACFC2}
	EndGlobalSection
EndGlobal
